
Microsoft Visual Studio Solution File, Format Version 12.00
# Visual Studio 2013
VisualStudioVersion = 12.0.30723.0
MinimumVisualStudioVersion = 10.0.40219.1
Project("{FAE04EC0-301F-11D3-BF4B-00C04F79EFBC}") = "Addins.PublishExtend", "Addins.PublishExtend.csproj", "{D6703829-8474-4DC7-9CF8-EC4298B4C89E}"
EndProject
Global
	GlobalSection(SolutionConfigurationPlatforms) = preSolution
		Debug.Mac|Any CPU = Debug.Mac|Any CPU
		Debug.Win32|Any CPU = Debug.Win32|Any CPU
		Release.Mac|Any CPU = Release.Mac|Any CPU
		Release.Win32|Any CPU = Release.Win32|Any CPU
	EndGlobalSection
	GlobalSection(ProjectConfigurationPlatforms) = postSolution
		{D6703829-8474-4DC7-9CF8-EC4298B4C89E}.Debug.Mac|Any CPU.ActiveCfg = Debug.Mac|Any CPU
		{D6703829-8474-4DC7-9CF8-EC4298B4C89E}.Debug.Mac|Any CPU.Build.0 = Debug.Mac|Any CPU
		{D6703829-8474-4DC7-9CF8-EC4298B4C89E}.Debug.Win32|Any CPU.ActiveCfg = Debug.Win32|Any CPU
		{D6703829-8474-4DC7-9CF8-EC4298B4C89E}.Debug.Win32|Any CPU.Build.0 = Debug.Win32|Any CPU
		{D6703829-8474-4DC7-9CF8-EC4298B4C89E}.Release.Mac|Any CPU.ActiveCfg = Release.Mac|Any CPU
		{D6703829-8474-4DC7-9CF8-EC4298B4C89E}.Release.Mac|Any CPU.Build.0 = Release.Mac|Any CPU
		{D6703829-8474-4DC7-9CF8-EC4298B4C89E}.Release.Win32|Any CPU.ActiveCfg = Release.Win32|Any CPU
		{D6703829-8474-4DC7-9CF8-EC4298B4C89E}.Release.Win32|Any CPU.Build.0 = Release.Win32|Any CPU
	EndGlobalSection
	GlobalSection(SolutionProperties) = preSolution
		HideSolutionNode = FALSE
	EndGlobalSection
EndGlobal
